
Microsoft Visual Studio Solution File, Format Version 12.00
# Visual Studio Version 16
VisualStudioVersion = 16.0.30804.86
MinimumVisualStudioVersion = 10.0.40219.1
Project("{FAE04EC0-301F-11D3-BF4B-00C04F79EFBC}") = "LibraryManagement", "LibraryManagement\LibraryManagement.csproj", "{64AC721F-C229-4987-B435-CEF206BC780F}"
EndProject
Project("{00D1A9C2-B5F0-4AF3-8072-F6C62B433612}") = "LibraryDB", "LibraryDB\LibraryDB.sqlproj", "{44E7DE55-890B-4C07-BD3F-49E5D8D7EF68}"
EndProject
Global
	GlobalSection(SolutionConfigurationPlatforms) = preSolution
		Debug|Any CPU = Debug|Any CPU
		Release|Any CPU = Release|Any CPU
	EndGlobalSection
	GlobalSection(ProjectConfigurationPlatforms) = postSolution
		{64AC721F-C229-4987-B435-CEF206BC780F}.Debug|Any CPU.ActiveCfg = Debug|Any CPU
		{64AC721F-C229-4987-B435-CEF206BC780F}.Debug|Any CPU.Build.0 = Debug|Any CPU
		{64AC721F-C229-4987-B435-CEF206BC780F}.Release|Any CPU.ActiveCfg = Release|Any CPU
		{64AC721F-C229-4987-B435-CEF206BC780F}.Release|Any CPU.Build.0 = Release|Any CPU
		{44E7DE55-890B-4C07-BD3F-49E5D8D7EF68}.Debug|Any CPU.ActiveCfg = Debug|Any CPU
		{44E7DE55-890B-4C07-BD3F-49E5D8D7EF68}.Debug|Any CPU.Build.0 = Debug|Any CPU
		{44E7DE55-890B-4C07-BD3F-49E5D8D7EF68}.Debug|Any CPU.Deploy.0 = Debug|Any CPU
		{44E7DE55-890B-4C07-BD3F-49E5D8D7EF68}.Release|Any CPU.ActiveCfg = Release|Any CPU
		{44E7DE55-890B-4C07-BD3F-49E5D8D7EF68}.Release|Any CPU.Build.0 = Release|Any CPU
		{44E7DE55-890B-4C07-BD3F-49E5D8D7EF68}.Release|Any CPU.Deploy.0 = Release|Any CPU
	EndGlobalSection
	GlobalSection(SolutionProperties) = preSolution
		HideSolutionNode = FALSE
	EndGlobalSection
	GlobalSection(ExtensibilityGlobals) = postSolution
		SolutionGuid = {8FBC4B5A-48D0-4348-BED6-E547231EF9EA}
	EndGlobalSection
EndGlobal
